{
  "name": "@kartotherian/cassandra",
  "version": "0.1.0",
  "lockfileVersion": 1,
  "requires": true,
  "dependencies": {
    "@kartotherian/err": {
      "version": "0.0.4",
      "resolved": "https://registry.npmjs.org/@kartotherian/err/-/err-0.0.4.tgz",
      "integrity": "sha512-aZSMrrja5qZjD4CQCyq1Rag5suqePcCa/Ln1K7ZNPqd8v0qWAGZGrmxk5SUzmdQo8pJQj4i5AZrawJkc1OPRzA=="
    },
    "@kartotherian/input-validator": {
      "version": "0.0.6",
      "resolved": "https://registry.npmjs.org/@kartotherian/input-validator/-/input-validator-0.0.6.tgz",
      "integrity": "sha1-BIrMMmruKKiWghbzrR+J2jEtYE4=",
      "requires": {
        "@kartotherian/err": "0.0.3",
        "quadtile-index": "0.0.6",
        "underscore": "1.9.0"
      },
      "dependencies": {
        "@kartotherian/err": {
          "version": "0.0.3",
          "resolved": "https://registry.npmjs.org/@kartotherian/err/-/err-0.0.3.tgz",
          "integrity": "sha1-54wtdj+gOZnzlIiBkjUrbYkSG9w="
        }
      }
    },
    "async": {
      "version": "1.5.2",
      "resolved": "https://registry.npmjs.org/async/-/async-1.5.2.tgz",
      "integrity": "sha1-7GphrlZIDAw8skHJVhjiCJL5Zyo="
    },
    "bluebird": {
      "version": "3.5.1",
      "resolved": "https://registry.npmjs.org/bluebird/-/bluebird-3.5.1.tgz",
      "integrity": "sha512-MKiLiV+I1AA596t9w1sQJ8jkiSr5+ZKi0WKrYGUn6d1Fx+Ij4tIj+m2WMQSGczs5jZVxV339chE8iwk6F64wjA=="
    },
    "cassandra-driver": {
      "version": "3.0.2",
      "resolved": "https://registry.npmjs.org/cassandra-driver/-/cassandra-driver-3.0.2.tgz",
      "integrity": "sha1-HfxVcfKHbic9CsfQ5mKNhChbGZw=",
      "requires": {
        "async": "1.5.2",
        "long": "2.4.0"
      }
    },
    "core-util-is": {
      "version": "1.0.2",
      "resolved": "https://registry.npmjs.org/core-util-is/-/core-util-is-1.0.2.tgz",
      "integrity": "sha1-tf1UIgqivFq1eqtxQMlAdUUDwac="
    },
    "inherits": {
      "version": "2.0.3",
      "resolved": "https://registry.npmjs.org/inherits/-/inherits-2.0.3.tgz",
      "integrity": "sha1-Yzwsg+PaQqUC9SRmAiSA9CCCYd4="
    },
    "isarray": {
      "version": "1.0.0",
      "resolved": "https://registry.npmjs.org/isarray/-/isarray-1.0.0.tgz",
      "integrity": "sha1-u5NdSFgsuhaMBoNJV6VKPgcSTxE="
    },
    "long": {
      "version": "2.4.0",
      "resolved": "https://registry.npmjs.org/long/-/long-2.4.0.tgz",
      "integrity": "sha1-n6GAux2VAM3CnEFWdmoZleH0Uk8="
    },
    "multistream": {
      "version": "2.1.0",
      "resolved": "https://registry.npmjs.org/multistream/-/multistream-2.1.0.tgz",
      "integrity": "sha1-YlwmfVxEQkrWKUeItbtNo9yzLx0=",
      "requires": {
        "inherits": "2.0.3",
        "readable-stream": "2.3.6"
      }
    },
    "process-nextick-args": {
      "version": "2.0.0",
      "resolved": "https://registry.npmjs.org/process-nextick-args/-/process-nextick-args-2.0.0.tgz",
      "integrity": "sha512-MtEC1TqN0EU5nephaJ4rAtThHtC86dNN9qCuEhtshvpVBkAW5ZO7BASN9REnF9eoXGcRub+pFuKEpOHE+HbEMw=="
    },
    "promistreamus": {
      "version": "0.1.14",
      "resolved": "https://registry.npmjs.org/promistreamus/-/promistreamus-0.1.14.tgz",
      "integrity": "sha1-oszwixG/I19D24Vt8ShYVnUZr68=",
      "requires": {
        "bluebird": "3.5.1"
      }
    },
    "quadtile-index": {
      "version": "0.0.6",
      "resolved": "https://registry.npmjs.org/quadtile-index/-/quadtile-index-0.0.6.tgz",
      "integrity": "sha1-B4/cdmwuHTwoj07SQIQrxb74Wos="
    },
    "readable-stream": {
      "version": "2.3.6",
      "resolved": "https://registry.npmjs.org/readable-stream/-/readable-stream-2.3.6.tgz",
      "integrity": "sha512-tQtKA9WIAhBF3+VLAseyMqZeBjW0AHJoxOtYqSUZNJxauErmLbVm2FW1y+J/YA9dUrAC39ITejlZWhVIwawkKw==",
      "requires": {
        "core-util-is": "1.0.2",
        "inherits": "2.0.3",
        "isarray": "1.0.0",
        "process-nextick-args": "2.0.0",
        "safe-buffer": "5.1.2",
        "string_decoder": "1.1.1",
        "util-deprecate": "1.0.2"
      }
    },
    "safe-buffer": {
      "version": "5.1.2",
      "resolved": "https://registry.npmjs.org/safe-buffer/-/safe-buffer-5.1.2.tgz",
      "integrity": "sha512-Gd2UZBJDkXlY7GbJxfsE8/nvKkUEU1G38c1siN6QP6a9PT9MmHB8GnpscSmMJSoF8LOIrt8ud/wPtojys4G6+g=="
    },
    "string_decoder": {
      "version": "1.1.1",
      "resolved": "https://registry.npmjs.org/string_decoder/-/string_decoder-1.1.1.tgz",
      "integrity": "sha512-n/ShnvDi6FHbbVfviro+WojiFzv+s8MPMHBczVePfUpDJLwoLT0ht1l4YwBCbi8pJAveEEdnkHyPyTP/mzRfwg==",
      "requires": {
        "safe-buffer": "5.1.2"
      }
    },
    "underscore": {
      "version": "1.9.0",
      "resolved": "https://registry.npmjs.org/underscore/-/underscore-1.9.0.tgz",
      "integrity": "sha512-4IV1DSSxC1QK48j9ONFK1MoIAKKkbE8i7u55w2R6IqBqbT7A/iG7aZBCR2Bi8piF0Uz+i/MG1aeqLwl/5vqF+A=="
    },
    "util-deprecate": {
      "version": "1.0.2",
      "resolved": "https://registry.npmjs.org/util-deprecate/-/util-deprecate-1.0.2.tgz",
      "integrity": "sha1-RQ1Nyfpw3nMnYvvS1KKJgUGaDM8="
    }
  }
}
