{
  "name": "@kartotherian/overzoom",
  "version": "0.0.18-alpha.0",
  "lockfileVersion": 1,
  "requires": true,
  "dependencies": {
    "@kartotherian/err": {
      "version": "0.0.6-alpha.0",
      "resolved": "https://registry.npmjs.org/@kartotherian/err/-/err-0.0.6-alpha.0.tgz",
      "integrity": "sha512-lHOK1vl2NdmQOXmyykZxPIJlEPFpRtzAY4mTTn5sTW5qoJZM3DwLgbfqXeJEYtNqVyGLK2VhQ4/Iy8nh7yIo1A=="
    },
    "@kartotherian/input-validator": {
      "version": "0.0.8-alpha.0",
      "resolved": "https://registry.npmjs.org/@kartotherian/input-validator/-/input-validator-0.0.8-alpha.0.tgz",
      "integrity": "sha512-4h4LVb0gutfDjTrWqJWHb9HBgnr0Vdu3lBls+hd+ThzOfqTgu/Klz+ujNNkguWL7C7t8maU1QKuG6e1BwbT1bg==",
      "requires": {
        "@kartotherian/err": "^0.0.3",
        "quadtile-index": "^0.0.6",
        "underscore": "^1.8.3"
      },
      "dependencies": {
        "@kartotherian/err": {
          "version": "0.0.3",
          "resolved": "https://registry.npmjs.org/@kartotherian/err/-/err-0.0.3.tgz",
          "integrity": "sha1-54wtdj+gOZnzlIiBkjUrbYkSG9w="
        }
      }
    },
    "bluebird": {
      "version": "3.5.5",
      "resolved": "https://registry.npmjs.org/bluebird/-/bluebird-3.5.5.tgz",
      "integrity": "sha512-5am6HnnfN+urzt4yfg7IgTbotDjIT/u8AJpEt0sIU9FtXfVeezXAPKswrG+xKUCOYAINpSdgZVDU6QFh+cuH3w=="
    },
    "quadtile-index": {
      "version": "0.0.6",
      "resolved": "https://registry.npmjs.org/quadtile-index/-/quadtile-index-0.0.6.tgz",
      "integrity": "sha1-B4/cdmwuHTwoj07SQIQrxb74Wos="
    },
    "tilelive-promise": {
      "version": "2.0.0",
      "resolved": "https://registry.npmjs.org/tilelive-promise/-/tilelive-promise-2.0.0.tgz",
      "integrity": "sha1-YgwZugoE93YZn5nloj+Un6BAxTI=",
      "requires": {
        "quadtile-index": "^0.0.6"
      }
    },
    "underscore": {
      "version": "1.9.1",
      "resolved": "https://registry.npmjs.org/underscore/-/underscore-1.9.1.tgz",
      "integrity": "sha512-5/4etnCkd9c8gwgowi5/om/mYO5ajCaOgdzj/oW+0eQV9WxKBDZw5+ycmKmeaTXjInS/W0BzpGLo2xR2aBwZdg=="
    }
  }
}
