{
  "name": "@kartotherian/postgres",
  "version": "0.0.13-alpha.0",
  "lockfileVersion": 1,
  "requires": true,
  "dependencies": {
    "@kartotherian/err": {
      "version": "0.0.6-alpha.0",
      "resolved": "https://registry.npmjs.org/@kartotherian/err/-/err-0.0.6-alpha.0.tgz",
      "integrity": "sha512-lHOK1vl2NdmQOXmyykZxPIJlEPFpRtzAY4mTTn5sTW5qoJZM3DwLgbfqXeJEYtNqVyGLK2VhQ4/Iy8nh7yIo1A=="
    },
    "@kartotherian/input-validator": {
      "version": "0.0.8-alpha.0",
      "resolved": "https://registry.npmjs.org/@kartotherian/input-validator/-/input-validator-0.0.8-alpha.0.tgz",
      "integrity": "sha512-4h4LVb0gutfDjTrWqJWHb9HBgnr0Vdu3lBls+hd+ThzOfqTgu/Klz+ujNNkguWL7C7t8maU1QKuG6e1BwbT1bg==",
      "requires": {
        "@kartotherian/err": "^0.0.3",
        "quadtile-index": "^0.0.6",
        "underscore": "^1.8.3"
      },
      "dependencies": {
        "@kartotherian/err": {
          "version": "0.0.3",
          "resolved": "https://registry.npmjs.org/@kartotherian/err/-/err-0.0.3.tgz",
          "integrity": "sha1-54wtdj+gOZnzlIiBkjUrbYkSG9w="
        }
      }
    },
    "bluebird": {
      "version": "3.5.5",
      "resolved": "https://registry.npmjs.org/bluebird/-/bluebird-3.5.5.tgz",
      "integrity": "sha512-5am6HnnfN+urzt4yfg7IgTbotDjIT/u8AJpEt0sIU9FtXfVeezXAPKswrG+xKUCOYAINpSdgZVDU6QFh+cuH3w=="
    },
    "buffer-writer": {
      "version": "1.0.1",
      "resolved": "https://registry.npmjs.org/buffer-writer/-/buffer-writer-1.0.1.tgz",
      "integrity": "sha1-Iqk2kB4wKa/NdUfrRIfOtpejvwg="
    },
    "generic-pool": {
      "version": "2.4.3",
      "resolved": "https://registry.npmjs.org/generic-pool/-/generic-pool-2.4.3.tgz",
      "integrity": "sha1-eAw29p360FpaBF3Te+etyhGk9v8="
    },
    "js-string-escape": {
      "version": "1.0.1",
      "resolved": "https://registry.npmjs.org/js-string-escape/-/js-string-escape-1.0.1.tgz",
      "integrity": "sha1-4mJbrbwNZ8dTPp7cEGjFh65BN+8="
    },
    "manakin": {
      "version": "0.4.8",
      "resolved": "https://registry.npmjs.org/manakin/-/manakin-0.4.8.tgz",
      "integrity": "sha1-/Wd53NY5nQ0Vgz7NYspPfJoTEZA="
    },
    "object-assign": {
      "version": "4.1.0",
      "resolved": "https://registry.npmjs.org/object-assign/-/object-assign-4.1.0.tgz",
      "integrity": "sha1-ejs9DpgGPUP0wD8uiubNUahog6A="
    },
    "packet-reader": {
      "version": "0.2.0",
      "resolved": "https://registry.npmjs.org/packet-reader/-/packet-reader-0.2.0.tgz",
      "integrity": "sha1-gZ300BC4LV6lZx+KGjrPA5vNdwA="
    },
    "pg": {
      "version": "5.2.1",
      "resolved": "https://registry.npmjs.org/pg/-/pg-5.2.1.tgz",
      "integrity": "sha1-1D0LLlOQjtYapgkoo49teRoqZrM=",
      "requires": {
        "buffer-writer": "1.0.1",
        "js-string-escape": "1.0.1",
        "packet-reader": "0.2.0",
        "pg-connection-string": "0.1.3",
        "pg-pool": "1.*",
        "pg-types": "1.*",
        "pgpass": "0.0.6",
        "semver": "4.3.2"
      }
    },
    "pg-connection-string": {
      "version": "0.1.3",
      "resolved": "https://registry.npmjs.org/pg-connection-string/-/pg-connection-string-0.1.3.tgz",
      "integrity": "sha1-2hhHsglA5C7hSSvq9l1J2RskXfc="
    },
    "pg-cursor": {
      "version": "1.3.0",
      "resolved": "https://registry.npmjs.org/pg-cursor/-/pg-cursor-1.3.0.tgz",
      "integrity": "sha1-siDxkIl2t7QNqjc8etpfyoI6sNk="
    },
    "pg-int8": {
      "version": "1.0.1",
      "resolved": "https://registry.npmjs.org/pg-int8/-/pg-int8-1.0.1.tgz",
      "integrity": "sha512-WCtabS6t3c8SkpDBUlb1kjOs7l66xsGdKpIPZsg4wR+B3+u9UAum2odSsF9tnvxg80h4ZxLWMy4pRjOsFIqQpw=="
    },
    "pg-minify": {
      "version": "0.4.5",
      "resolved": "https://registry.npmjs.org/pg-minify/-/pg-minify-0.4.5.tgz",
      "integrity": "sha512-ev7PZ4ySzTnNPaeIJQx4f94ubqbv2C48lpXcYLPzPD4dbnKxzvC+3vNlZZ8HYx9JV37AxaLlY/LzrpFBgBslYQ=="
    },
    "pg-pool": {
      "version": "1.8.0",
      "resolved": "https://registry.npmjs.org/pg-pool/-/pg-pool-1.8.0.tgz",
      "integrity": "sha1-9+xzgkw3oD8Hb1G/33DjQBR8Tzc=",
      "requires": {
        "generic-pool": "2.4.3",
        "object-assign": "4.1.0"
      }
    },
    "pg-promise": {
      "version": "5.9.7",
      "resolved": "https://registry.npmjs.org/pg-promise/-/pg-promise-5.9.7.tgz",
      "integrity": "sha512-Hp53E6qdjxyuNepIpr7ONbsKZ2GYfi+HbuW4VNMfWcCSZPlE/A9DieYc82AJaz2f9eHcmByeU7TiQTmsBu3hGA==",
      "requires": {
        "manakin": "^0.4.7",
        "pg": "^5.1.0",
        "pg-minify": "0.4",
        "spex": "1.2"
      }
    },
    "pg-query-stream": {
      "version": "1.1.2",
      "resolved": "https://registry.npmjs.org/pg-query-stream/-/pg-query-stream-1.1.2.tgz",
      "integrity": "sha512-84hsUVjbrvXYIpVH+6FrKajfOnmTo7Wc/CXPtSyv41JmUnLcQ2lcVrkR7+m4VPtL28FdcZA7Q7ab4X0za4BhrQ==",
      "requires": {
        "pg-cursor": "1.3.0"
      }
    },
    "pg-types": {
      "version": "1.13.0",
      "resolved": "https://registry.npmjs.org/pg-types/-/pg-types-1.13.0.tgz",
      "integrity": "sha512-lfKli0Gkl/+za/+b6lzENajczwZHc7D5kiUCZfgm914jipD2kIOIvEkAhZ8GrW3/TUoP9w8FHjwpPObBye5KQQ==",
      "requires": {
        "pg-int8": "1.0.1",
        "postgres-array": "~1.0.0",
        "postgres-bytea": "~1.0.0",
        "postgres-date": "~1.0.0",
        "postgres-interval": "^1.1.0"
      }
    },
    "pg.js": {
      "version": "4.1.1",
      "resolved": "https://registry.npmjs.org/pg.js/-/pg.js-4.1.1.tgz",
      "integrity": "sha1-ZUAzrnBrMdRL4UQ4g7Kl+arpz8Q=",
      "requires": {
        "buffer-writer": "1.0.0",
        "generic-pool": "2.1.1",
        "packet-reader": "0.2.0",
        "pg-connection-string": "0.1.3",
        "pg-types": "1.6.0",
        "pgpass": "0.0.3"
      },
      "dependencies": {
        "buffer-writer": {
          "version": "1.0.0",
          "resolved": "https://registry.npmjs.org/buffer-writer/-/buffer-writer-1.0.0.tgz",
          "integrity": "sha1-bCnDst6gyeRVofJhoZmkigT4iwg="
        },
        "generic-pool": {
          "version": "2.1.1",
          "resolved": "https://registry.npmjs.org/generic-pool/-/generic-pool-2.1.1.tgz",
          "integrity": "sha1-rwTcLDJc/Ll1Aj+lK/zpYXp0Nf0="
        },
        "pg-types": {
          "version": "1.6.0",
          "resolved": "https://registry.npmjs.org/pg-types/-/pg-types-1.6.0.tgz",
          "integrity": "sha1-OHKg8ZkUMCVJf07ipl/a8A1+qLM="
        },
        "pgpass": {
          "version": "0.0.3",
          "resolved": "https://registry.npmjs.org/pgpass/-/pgpass-0.0.3.tgz",
          "integrity": "sha1-EuZ+NDsxicLzEgbrycwL7//PkUA=",
          "requires": {
            "split": "~0.3"
          }
        },
        "split": {
          "version": "0.3.3",
          "resolved": "https://registry.npmjs.org/split/-/split-0.3.3.tgz",
          "integrity": "sha1-zQ7qXmOiEd//frDwkcQTPi0N0o8=",
          "requires": {
            "through": "2"
          }
        }
      }
    },
    "pgpass": {
      "version": "0.0.6",
      "resolved": "https://registry.npmjs.org/pgpass/-/pgpass-0.0.6.tgz",
      "integrity": "sha1-9idiANAXOdoe6mMTi9yjX/S9coA=",
      "requires": {
        "split": "^1.0.0"
      }
    },
    "postgres-array": {
      "version": "1.0.3",
      "resolved": "https://registry.npmjs.org/postgres-array/-/postgres-array-1.0.3.tgz",
      "integrity": "sha512-5wClXrAP0+78mcsNX3/ithQ5exKvCyK5lr5NEEEeGwwM6NJdQgzIJBVxLvRW+huFpX92F2QnZ5CcokH0VhK2qQ=="
    },
    "postgres-bytea": {
      "version": "1.0.0",
      "resolved": "https://registry.npmjs.org/postgres-bytea/-/postgres-bytea-1.0.0.tgz",
      "integrity": "sha1-AntTPAqokOJtFy1Hz5zOzFIazTU="
    },
    "postgres-date": {
      "version": "1.0.4",
      "resolved": "https://registry.npmjs.org/postgres-date/-/postgres-date-1.0.4.tgz",
      "integrity": "sha512-bESRvKVuTrjoBluEcpv2346+6kgB7UlnqWZsnbnCccTNq/pqfj1j6oBaN5+b/NrDXepYUT/HKadqv3iS9lJuVA=="
    },
    "postgres-interval": {
      "version": "1.2.0",
      "resolved": "https://registry.npmjs.org/postgres-interval/-/postgres-interval-1.2.0.tgz",
      "integrity": "sha512-9ZhXKM/rw350N1ovuWHbGxnGh/SNJ4cnxHiM0rxE4VN41wsg8P8zWn9hv/buK00RP4WvlOyr/RBDiptyxVbkZQ==",
      "requires": {
        "xtend": "^4.0.0"
      }
    },
    "promistreamus": {
      "version": "0.1.14",
      "resolved": "https://registry.npmjs.org/promistreamus/-/promistreamus-0.1.14.tgz",
      "integrity": "sha1-oszwixG/I19D24Vt8ShYVnUZr68=",
      "requires": {
        "bluebird": "^3.5.0"
      }
    },
    "quadtile-index": {
      "version": "0.0.6",
      "resolved": "https://registry.npmjs.org/quadtile-index/-/quadtile-index-0.0.6.tgz",
      "integrity": "sha1-B4/cdmwuHTwoj07SQIQrxb74Wos="
    },
    "semver": {
      "version": "4.3.2",
      "resolved": "https://registry.npmjs.org/semver/-/semver-4.3.2.tgz",
      "integrity": "sha1-x6BxWKgL7dBSNVt3DYLWZA+AO+c="
    },
    "spex": {
      "version": "1.2.1",
      "resolved": "https://registry.npmjs.org/spex/-/spex-1.2.1.tgz",
      "integrity": "sha512-+qhIg5QJZQTSk6TBUmXnptB6irHR6trN0Vb+LUQBwe8cKDFf+aLBohhsRGwuoBSZglCHG+V+CMh/DBFDb/i8Gg=="
    },
    "split": {
      "version": "1.0.1",
      "resolved": "https://registry.npmjs.org/split/-/split-1.0.1.tgz",
      "integrity": "sha512-mTyOoPbrivtXnwnIxZRFYRrPNtEFKlpB2fvjSnCQUiAA6qAZzqwna5envK4uk6OIeP17CsdF3rSBGYVBsU0Tkg==",
      "requires": {
        "through": "2"
      }
    },
    "through": {
      "version": "2.3.8",
      "resolved": "https://registry.npmjs.org/through/-/through-2.3.8.tgz",
      "integrity": "sha1-DdTJ/6q8NXlgsbckEV1+Doai4fU="
    },
    "underscore": {
      "version": "1.9.1",
      "resolved": "https://registry.npmjs.org/underscore/-/underscore-1.9.1.tgz",
      "integrity": "sha512-5/4etnCkd9c8gwgowi5/om/mYO5ajCaOgdzj/oW+0eQV9WxKBDZw5+ycmKmeaTXjInS/W0BzpGLo2xR2aBwZdg=="
    },
    "xtend": {
      "version": "4.0.1",
      "resolved": "https://registry.npmjs.org/xtend/-/xtend-4.0.1.tgz",
      "integrity": "sha1-pcbVMr5lbiPbgg77lDofBJmNY68="
    }
  }
}
